
Microsoft Visual Studio Solution File, Format Version 12.00
Project("{FAE04EC0-301F-11D3-BF4B-00C04F79EFBC}") = "LlamaApp", "LlamaApp.csproj", "{DE995BD7-7770-4586-AC81-2795F5FB628B}"
EndProject
Project("{FAE04EC0-301F-11D3-BF4B-00C04F79EFBC}") = "LlamaApp.HuggingFace", "LlamaApp.HuggingFace\LlamaApp.HuggingFace.csproj", "{80533379-C3C9-45FA-A66D-0F9DD5B3B8EB}"
EndProject
Project("{FAE04EC0-301F-11D3-BF4B-00C04F79EFBC}") = "LlamaApp.Common", "LlamaApp.Common\LlamaApp.Common.csproj", "{AE82C7ED-FB34-4EC3-8B6E-EBCDF3532CDC}"
EndProject
Project("{FAE04EC0-301F-11D3-BF4B-00C04F79EFBC}") = "LlamaApp.LlamaCpp", "LlamaApp.LlamaCpp\LlamaApp.LlamaCpp.csproj", "{EBFF3E52-CC0D-4A86-A917-AC6F48A128F5}"
EndProject
Project("{FAE04EC0-301F-11D3-BF4B-00C04F79EFBC}") = "LlamaApp.Catalog", "LlamaApp.Catalog\LlamaApp.Catalog.csproj", "{85B64DF7-37F2-4AAD-A246-4E963D443A1A}"
EndProject
Project("{FAE04EC0-301F-11D3-BF4B-00C04F79EFBC}") = "LlamaApp.LlamaCpp.Tests", "LlamaApp.LlamaCpp.Tests\LlamaApp.LlamaCpp.Tests.csproj", "{C9062309-59B7-4364-9AC7-A277B0F44FAA}"
EndProject
Global
	GlobalSection(SolutionConfigurationPlatforms) = preSolution
		Debug|ARM64 = Debug|ARM64
		Debug|x64 = Debug|x64
		Debug|x86 = Debug|x86
		Release|ARM64 = Release|ARM64
		Release|x64 = Release|x64
		Release|x86 = Release|x86
	EndGlobalSection
	GlobalSection(ProjectConfigurationPlatforms) = postSolution
		{DE995BD7-7770-4586-AC81-2795F5FB628B}.Debug|ARM64.ActiveCfg = Debug|ARM64
		{DE995BD7-7770-4586-AC81-2795F5FB628B}.Debug|ARM64.Build.0 = Debug|ARM64
		{DE995BD7-7770-4586-AC81-2795F5FB628B}.Debug|ARM64.Deploy.0 = Debug|ARM64
		{DE995BD7-7770-4586-AC81-2795F5FB628B}.Debug|x64.ActiveCfg = Debug|x64
		{DE995BD7-7770-4586-AC81-2795F5FB628B}.Debug|x64.Build.0 = Debug|x64
		{DE995BD7-7770-4586-AC81-2795F5FB628B}.Debug|x64.Deploy.0 = Debug|x64
		{DE995BD7-7770-4586-AC81-2795F5FB628B}.Debug|x86.ActiveCfg = Debug|x86
		{DE995BD7-7770-4586-AC81-2795F5FB628B}.Debug|x86.Build.0 = Debug|x86
		{DE995BD7-7770-4586-AC81-2795F5FB628B}.Debug|x86.Deploy.0 = Debug|x86
		{DE995BD7-7770-4586-AC81-2795F5FB628B}.Release|ARM64.ActiveCfg = Release|ARM64
		{DE995BD7-7770-4586-AC81-2795F5FB628B}.Release|ARM64.Build.0 = Release|ARM64
		{DE995BD7-7770-4586-AC81-2795F5FB628B}.Release|ARM64.Deploy.0 = Release|ARM64
		{DE995BD7-7770-4586-AC81-2795F5FB628B}.Release|x64.ActiveCfg = Release|x64
		{DE995BD7-7770-4586-AC81-2795F5FB628B}.Release|x64.Build.0 = Release|x64
		{DE995BD7-7770-4586-AC81-2795F5FB628B}.Release|x64.Deploy.0 = Release|x64
		{DE995BD7-7770-4586-AC81-2795F5FB628B}.Release|x86.ActiveCfg = Release|x86
		{DE995BD7-7770-4586-AC81-2795F5FB628B}.Release|x86.Build.0 = Release|x86
		{DE995BD7-7770-4586-AC81-2795F5FB628B}.Release|x86.Deploy.0 = Release|x86
		{80533379-C3C9-45FA-A66D-0F9DD5B3B8EB}.Debug|ARM64.ActiveCfg = Debug|Any CPU
		{80533379-C3C9-45FA-A66D-0F9DD5B3B8EB}.Debug|ARM64.Build.0 = Debug|Any CPU
		{80533379-C3C9-45FA-A66D-0F9DD5B3B8EB}.Debug|x64.ActiveCfg = Debug|Any CPU
		{80533379-C3C9-45FA-A66D-0F9DD5B3B8EB}.Debug|x64.Build.0 = Debug|Any CPU
		{80533379-C3C9-45FA-A66D-0F9DD5B3B8EB}.Debug|x86.ActiveCfg = Debug|Any CPU
		{80533379-C3C9-45FA-A66D-0F9DD5B3B8EB}.Debug|x86.Build.0 = Debug|Any CPU
		{80533379-C3C9-45FA-A66D-0F9DD5B3B8EB}.Release|ARM64.ActiveCfg = Release|Any CPU
		{80533379-C3C9-45FA-A66D-0F9DD5B3B8EB}.Release|ARM64.Build.0 = Release|Any CPU
		{80533379-C3C9-45FA-A66D-0F9DD5B3B8EB}.Release|x64.ActiveCfg = Release|Any CPU
		{80533379-C3C9-45FA-A66D-0F9DD5B3B8EB}.Release|x64.Build.0 = Release|Any CPU
		{80533379-C3C9-45FA-A66D-0F9DD5B3B8EB}.Release|x86.ActiveCfg = Release|Any CPU
		{80533379-C3C9-45FA-A66D-0F9DD5B3B8EB}.Release|x86.Build.0 = Release|Any CPU
		{AE82C7ED-FB34-4EC3-8B6E-EBCDF3532CDC}.Debug|ARM64.ActiveCfg = Debug|Any CPU
		{AE82C7ED-FB34-4EC3-8B6E-EBCDF3532CDC}.Debug|ARM64.Build.0 = Debug|Any CPU
		{AE82C7ED-FB34-4EC3-8B6E-EBCDF3532CDC}.Debug|x64.ActiveCfg = Debug|Any CPU
		{AE82C7ED-FB34-4EC3-8B6E-EBCDF3532CDC}.Debug|x64.Build.0 = Debug|Any CPU
		{AE82C7ED-FB34-4EC3-8B6E-EBCDF3532CDC}.Debug|x86.ActiveCfg = Debug|Any CPU
		{AE82C7ED-FB34-4EC3-8B6E-EBCDF3532CDC}.Debug|x86.Build.0 = Debug|Any CPU
		{AE82C7ED-FB34-4EC3-8B6E-EBCDF3532CDC}.Release|ARM64.ActiveCfg = Release|Any CPU
		{AE82C7ED-FB34-4EC3-8B6E-EBCDF3532CDC}.Release|ARM64.Build.0 = Release|Any CPU
		{AE82C7ED-FB34-4EC3-8B6E-EBCDF3532CDC}.Release|x64.ActiveCfg = Release|Any CPU
		{AE82C7ED-FB34-4EC3-8B6E-EBCDF3532CDC}.Release|x64.Build.0 = Release|Any CPU
		{AE82C7ED-FB34-4EC3-8B6E-EBCDF3532CDC}.Release|x86.ActiveCfg = Release|Any CPU
		{AE82C7ED-FB34-4EC3-8B6E-EBCDF3532CDC}.Release|x86.Build.0 = Release|Any CPU
		{EBFF3E52-CC0D-4A86-A917-AC6F48A128F5}.Debug|ARM64.ActiveCfg = Debug|Any CPU
		{EBFF3E52-CC0D-4A86-A917-AC6F48A128F5}.Debug|ARM64.Build.0 = Debug|Any CPU
		{EBFF3E52-CC0D-4A86-A917-AC6F48A128F5}.Debug|x64.ActiveCfg = Debug|Any CPU
		{EBFF3E52-CC0D-4A86-A917-AC6F48A128F5}.Debug|x64.Build.0 = Debug|Any CPU
		{EBFF3E52-CC0D-4A86-A917-AC6F48A128F5}.Debug|x86.ActiveCfg = Debug|Any CPU
		{EBFF3E52-CC0D-4A86-A917-AC6F48A128F5}.Debug|x86.Build.0 = Debug|Any CPU
		{EBFF3E52-CC0D-4A86-A917-AC6F48A128F5}.Release|ARM64.ActiveCfg = Release|Any CPU
		{EBFF3E52-CC0D-4A86-A917-AC6F48A128F5}.Release|ARM64.Build.0 = Release|Any CPU
		{EBFF3E52-CC0D-4A86-A917-AC6F48A128F5}.Release|x64.ActiveCfg = Release|Any CPU
		{EBFF3E52-CC0D-4A86-A917-AC6F48A128F5}.Release|x64.Build.0 = Release|Any CPU
		{EBFF3E52-CC0D-4A86-A917-AC6F48A128F5}.Release|x86.ActiveCfg = Release|Any CPU
		{EBFF3E52-CC0D-4A86-A917-AC6F48A128F5}.Release|x86.Build.0 = Release|Any CPU
		{85B64DF7-37F2-4AAD-A246-4E963D443A1A}.Debug|ARM64.ActiveCfg = Debug|Any CPU
		{85B64DF7-37F2-4AAD-A246-4E963D443A1A}.Debug|ARM64.Build.0 = Debug|Any CPU
		{85B64DF7-37F2-4AAD-A246-4E963D443A1A}.Debug|x64.ActiveCfg = Debug|Any CPU
		{85B64DF7-37F2-4AAD-A246-4E963D443A1A}.Debug|x64.Build.0 = Debug|Any CPU
		{85B64DF7-37F2-4AAD-A246-4E963D443A1A}.Debug|x86.ActiveCfg = Debug|Any CPU
		{85B64DF7-37F2-4AAD-A246-4E963D443A1A}.Debug|x86.Build.0 = Debug|Any CPU
		{85B64DF7-37F2-4AAD-A246-4E963D443A1A}.Release|ARM64.ActiveCfg = Release|Any CPU
		{85B64DF7-37F2-4AAD-A246-4E963D443A1A}.Release|ARM64.Build.0 = Release|Any CPU
		{85B64DF7-37F2-4AAD-A246-4E963D443A1A}.Release|x64.ActiveCfg = Release|Any CPU
		{85B64DF7-37F2-4AAD-A246-4E963D443A1A}.Release|x64.Build.0 = Release|Any CPU
		{85B64DF7-37F2-4AAD-A246-4E963D443A1A}.Release|x86.ActiveCfg = Release|Any CPU
		{85B64DF7-37F2-4AAD-A246-4E963D443A1A}.Release|x86.Build.0 = Release|Any CPU
		{C9062309-59B7-4364-9AC7-A277B0F44FAA}.Debug|ARM64.ActiveCfg = Debug|Any CPU
		{C9062309-59B7-4364-9AC7-A277B0F44FAA}.Debug|ARM64.Build.0 = Debug|Any CPU
		{C9062309-59B7-4364-9AC7-A277B0F44FAA}.Debug|x64.ActiveCfg = Debug|Any CPU
		{C9062309-59B7-4364-9AC7-A277B0F44FAA}.Debug|x64.Build.0 = Debug|Any CPU
		{C9062309-59B7-4364-9AC7-A277B0F44FAA}.Debug|x86.ActiveCfg = Debug|Any CPU
		{C9062309-59B7-4364-9AC7-A277B0F44FAA}.Debug|x86.Build.0 = Debug|Any CPU
		{C9062309-59B7-4364-9AC7-A277B0F44FAA}.Release|ARM64.ActiveCfg = Release|Any CPU
		{C9062309-59B7-4364-9AC7-A277B0F44FAA}.Release|ARM64.Build.0 = Release|Any CPU
		{C9062309-59B7-4364-9AC7-A277B0F44FAA}.Release|x64.ActiveCfg = Release|Any CPU
		{C9062309-59B7-4364-9AC7-A277B0F44FAA}.Release|x64.Build.0 = Release|Any CPU
		{C9062309-59B7-4364-9AC7-A277B0F44FAA}.Release|x86.ActiveCfg = Release|Any CPU
		{C9062309-59B7-4364-9AC7-A277B0F44FAA}.Release|x86.Build.0 = Release|Any CPU
	EndGlobalSection
EndGlobal
